
Microsoft Visual Studio Solution File, Format Version 12.00
Project("{FAE04EC0-301F-11D3-BF4B-00C04F79EFBC}") = "GamingWebProject.Core", "GamingWebProject.Core\GamingWebProject.Core.csproj", "{F5E944EC-1502-4FB7-93A3-A623E0672115}"
EndProject
Project("{FAE04EC0-301F-11D3-BF4B-00C04F79EFBC}") = "GamingWebProject.API", "GamingWebProject.API\GamingWebProject.API.csproj", "{5EE2A4F8-CBD3-4F07-8F94-943054B4F0EF}"
EndProject
Project("{FAE04EC0-301F-11D3-BF4B-00C04F79EFBC}") = "GamingWebProject.FrontEnd", "GamingWebProject.FrontEnd\GamingWebProject.FrontEnd.csproj", "{8FE3D03A-533F-4432-861B-5A2CC682BA2C}"
EndProject
Global
	GlobalSection(SolutionConfigurationPlatforms) = preSolution
		Debug|Any CPU = Debug|Any CPU
		Release|Any CPU = Release|Any CPU
	EndGlobalSection
	GlobalSection(ProjectConfigurationPlatforms) = postSolution
		{F5E944EC-1502-4FB7-93A3-A623E0672115}.Debug|Any CPU.ActiveCfg = Debug|Any CPU
		{F5E944EC-1502-4FB7-93A3-A623E0672115}.Debug|Any CPU.Build.0 = Debug|Any CPU
		{F5E944EC-1502-4FB7-93A3-A623E0672115}.Release|Any CPU.ActiveCfg = Release|Any CPU
		{F5E944EC-1502-4FB7-93A3-A623E0672115}.Release|Any CPU.Build.0 = Release|Any CPU
		{5EE2A4F8-CBD3-4F07-8F94-943054B4F0EF}.Debug|Any CPU.ActiveCfg = Debug|Any CPU
		{5EE2A4F8-CBD3-4F07-8F94-943054B4F0EF}.Debug|Any CPU.Build.0 = Debug|Any CPU
		{5EE2A4F8-CBD3-4F07-8F94-943054B4F0EF}.Release|Any CPU.ActiveCfg = Release|Any CPU
		{5EE2A4F8-CBD3-4F07-8F94-943054B4F0EF}.Release|Any CPU.Build.0 = Release|Any CPU
		{8FE3D03A-533F-4432-861B-5A2CC682BA2C}.Debug|Any CPU.ActiveCfg = Debug|Any CPU
		{8FE3D03A-533F-4432-861B-5A2CC682BA2C}.Debug|Any CPU.Build.0 = Debug|Any CPU
		{8FE3D03A-533F-4432-861B-5A2CC682BA2C}.Release|Any CPU.ActiveCfg = Release|Any CPU
		{8FE3D03A-533F-4432-861B-5A2CC682BA2C}.Release|Any CPU.Build.0 = Release|Any CPU
	EndGlobalSection
EndGlobal
